// !$*UTF8*$!
{
	archiveVersion = 1;
	classes = {
	};
	objectVersion = 46;
	objects = {

/* Begin PBXBuildFile section */
		B73A17DC1AD02855006B5578 /* TWRequest.m in Sources */ = {isa = PBXBuildFile; fileRef = B73A17DB1AD02855006B5578 /* TWRequest.m */; };
		B73A17DF1AD02C17006B5578 /* Reachability.m in Sources */ = {isa = PBXBuildFile; fileRef = B73A17DE1AD02C17006B5578 /* Reachability.m */; };
		B73A17E21AD02F87006B5578 /* TWNetworkMonitor.m in Sources */ = {isa = PBXBuildFile; fileRef = B73A17E11AD02F87006B5578 /* TWNetworkMonitor.m */; };
		B73A17EC1AD03D4F006B5578 /* LICENSE in Resources */ = {isa = PBXBuildFile; fileRef = B73A17EA1AD03D4F006B5578 /* LICENSE */; };
		B73A17ED1AD03D4F006B5578 /* README.md in Sources */ = {isa = PBXBuildFile; fileRef = B73A17EB1AD03D4F006B5578 /* README.md */; };
		B73A17F21AD0CBD5006B5578 /* TWRequestResponseFailure.m in Sources */ = {isa = PBXBuildFile; fileRef = B73A17F11AD0CBD5006B5578 /* TWRequestResponseFailure.m */; };
		B73A17F51AD0CDDB006B5578 /* TWRequestResponseSuccess.m in Sources */ = {isa = PBXBuildFile; fileRef = B73A17F41AD0CDDB006B5578 /* TWRequestResponseSuccess.m */; };
		B73A17F81AD100E6006B5578 /* VCModel.m in Sources */ = {isa = PBXBuildFile; fileRef = B73A17F71AD100E6006B5578 /* VCModel.m */; };
		B73A17FD1AD1028A006B5578 /* User.m in Sources */ = {isa = PBXBuildFile; fileRef = B73A17FC1AD1028A006B5578 /* User.m */; };
		B73A18001AD10364006B5578 /* Comment.m in Sources */ = {isa = PBXBuildFile; fileRef = B73A17FF1AD10364006B5578 /* Comment.m */; };
		B73A18031AD104E2006B5578 /* Tweet.m in Sources */ = {isa = PBXBuildFile; fileRef = B73A18021AD104E2006B5578 /* Tweet.m */; };
		B73A18061AD10FE3006B5578 /* TWBaseModel.m in Sources */ = {isa = PBXBuildFile; fileRef = B73A18051AD10FE3006B5578 /* TWBaseModel.m */; };
		B73A18081AD11AF5006B5578 /* NetwoksTests.m in Sources */ = {isa = PBXBuildFile; fileRef = B73A18071AD11AF5006B5578 /* NetwoksTests.m */; };
		B7FCC3541ACF760E00F6BEBC /* main.m in Sources */ = {isa = PBXBuildFile; fileRef = B7FCC3531ACF760E00F6BEBC /* main.m */; };
		B7FCC3571ACF760E00F6BEBC /* AppDelegate.m in Sources */ = {isa = PBXBuildFile; fileRef = B7FCC3561ACF760E00F6BEBC /* AppDelegate.m */; };
		B7FCC35A1ACF760E00F6BEBC /* ViewController.m in Sources */ = {isa = PBXBuildFile; fileRef = B7FCC3591ACF760E00F6BEBC /* ViewController.m */; };
		B7FCC35D1ACF760E00F6BEBC /* Main.storyboard in Resources */ = {isa = PBXBuildFile; fileRef = B7FCC35B1ACF760E00F6BEBC /* Main.storyboard */; };
		B7FCC35F1ACF760E00F6BEBC /* Images.xcassets in Resources */ = {isa = PBXBuildFile; fileRef = B7FCC35E1ACF760E00F6BEBC /* Images.xcassets */; };
		B7FCC3621ACF760E00F6BEBC /* LaunchScreen.xib in Resources */ = {isa = PBXBuildFile; fileRef = B7FCC3601ACF760E00F6BEBC /* LaunchScreen.xib */; };
		B7FCC36E1ACF760E00F6BEBC /* WeChatMomentsTests.m in Sources */ = {isa = PBXBuildFile; fileRef = B7FCC36D1ACF760E00F6BEBC /* WeChatMomentsTests.m */; };
/* End PBXBuildFile section */

/* Begin PBXContainerItemProxy section */
		B7FCC3681ACF760E00F6BEBC /* PBXContainerItemProxy */ = {
			isa = PBXContainerItemProxy;
			containerPortal = B7FCC3461ACF760E00F6BEBC /* Project object */;
			proxyType = 1;
			remoteGlobalIDString = B7FCC34D1ACF760E00F6BEBC;
			remoteInfo = WeChatMoments;
		};
/* End PBXContainerItemProxy section */

/* Begin PBXFileReference section */
		B73A17DA1AD02855006B5578 /* TWRequest.h */ = {isa = PBXFileReference; fileEncoding = 4; lastKnownFileType = sourcecode.c.h; path = TWRequest.h; sourceTree = "<group>"; };
		B73A17DB1AD02855006B5578 /* TWRequest.m */ = {isa = PBXFileReference; fileEncoding = 4; lastKnownFileType = sourcecode.c.objc; path = TWRequest.m; sourceTree = "<group>"; };
		B73A17DD1AD02C17006B5578 /* Reachability.h */ = {isa = PBXFileReference; fileEncoding = 4; lastKnownFileType = sourcecode.c.h; path = Reachability.h; sourceTree = "<group>"; };
		B73A17DE1AD02C17006B5578 /* Reachability.m */ = {isa = PBXFileReference; fileEncoding = 4; lastKnownFileType = sourcecode.c.objc; path = Reachability.m; sourceTree = "<group>"; };
		B73A17E01AD02F87006B5578 /* TWNetworkMonitor.h */ = {isa = PBXFileReference; fileEncoding = 4; lastKnownFileType = sourcecode.c.h; path = TWNetworkMonitor.h; sourceTree = "<group>"; };
		B73A17E11AD02F87006B5578 /* TWNetworkMonitor.m */ = {isa = PBXFileReference; fileEncoding = 4; lastKnownFileType = sourcecode.c.objc; path = TWNetworkMonitor.m; sourceTree = "<group>"; };
		B73A17E41AD03809006B5578 /* TWLog.h */ = {isa = PBXFileReference; lastKnownFileType = sourcecode.c.h; path = TWLog.h; sourceTree = "<group>"; };
		B73A17E61AD03975006B5578 /* AppConfig.h */ = {isa = PBXFileReference; lastKnownFileType = sourcecode.c.h; path = AppConfig.h; sourceTree = "<group>"; };
		B73A17E71AD03989006B5578 /* Fonts.h */ = {isa = PBXFileReference; lastKnownFileType = sourcecode.c.h; path = Fonts.h; sourceTree = "<group>"; };
		B73A17E81AD0399E006B5578 /* Services.h */ = {isa = PBXFileReference; lastKnownFileType = sourcecode.c.h; path = Services.h; sourceTree = "<group>"; };
		B73A17E91AD03A4B006B5578 /* TW-Prefix.pch */ = {isa = PBXFileReference; lastKnownFileType = sourcecode.c.h; path = "TW-Prefix.pch"; sourceTree = "<group>"; };
		B73A17EA1AD03D4F006B5578 /* LICENSE */ = {isa = PBXFileReference; fileEncoding = 4; lastKnownFileType = text; name = LICENSE; path = ../LICENSE; sourceTree = "<group>"; };
		B73A17EB1AD03D4F006B5578 /* README.md */ = {isa = PBXFileReference; fileEncoding = 4; lastKnownFileType = net.daringfireball.markdown; name = README.md; path = ../README.md; sourceTree = "<group>"; };
		B73A17EF1AD0CA2F006B5578 /* TWRequestProtocol.h */ = {isa = PBXFileReference; lastKnownFileType = sourcecode.c.h; path = TWRequestProtocol.h; sourceTree = "<group>"; };
		B73A17F01AD0CBD5006B5578 /* TWRequestResponseFailure.h */ = {isa = PBXFileReference; fileEncoding = 4; lastKnownFileType = sourcecode.c.h; path = TWRequestResponseFailure.h; sourceTree = "<group>"; };
		B73A17F11AD0CBD5006B5578 /* TWRequestResponseFailure.m */ = {isa = PBXFileReference; fileEncoding = 4; lastKnownFileType = sourcecode.c.objc; path = TWRequestResponseFailure.m; sourceTree = "<group>"; };
		B73A17F31AD0CDDB006B5578 /* TWRequestResponseSuccess.h */ = {isa = PBXFileReference; fileEncoding = 4; lastKnownFileType = sourcecode.c.h; path = TWRequestResponseSuccess.h; sourceTree = "<group>"; };
		B73A17F41AD0CDDB006B5578 /* TWRequestResponseSuccess.m */ = {isa = PBXFileReference; fileEncoding = 4; lastKnownFileType = sourcecode.c.objc; path = TWRequestResponseSuccess.m; sourceTree = "<group>"; };
		B73A17F61AD100E6006B5578 /* VCModel.h */ = {isa = PBXFileReference; fileEncoding = 4; lastKnownFileType = sourcecode.c.h; path = VCModel.h; sourceTree = "<group>"; };
		B73A17F71AD100E6006B5578 /* VCModel.m */ = {isa = PBXFileReference; fileEncoding = 4; lastKnownFileType = sourcecode.c.objc; path = VCModel.m; sourceTree = "<group>"; };
		B73A17FB1AD1028A006B5578 /* User.h */ = {isa = PBXFileReference; fileEncoding = 4; lastKnownFileType = sourcecode.c.h; path = User.h; sourceTree = "<group>"; };
		B73A17FC1AD1028A006B5578 /* User.m */ = {isa = PBXFileReference; fileEncoding = 4; lastKnownFileType = sourcecode.c.objc; path = User.m; sourceTree = "<group>"; };
		B73A17FE1AD10364006B5578 /* Comment.h */ = {isa = PBXFileReference; fileEncoding = 4; lastKnownFileType = sourcecode.c.h; path = Comment.h; sourceTree = "<group>"; };
		B73A17FF1AD10364006B5578 /* Comment.m */ = {isa = PBXFileReference; fileEncoding = 4; lastKnownFileType = sourcecode.c.objc; path = Comment.m; sourceTree = "<group>"; };
		B73A18011AD104E2006B5578 /* Tweet.h */ = {isa = PBXFileReference; fileEncoding = 4; lastKnownFileType = sourcecode.c.h; path = Tweet.h; sourceTree = "<group>"; };
		B73A18021AD104E2006B5578 /* Tweet.m */ = {isa = PBXFileReference; fileEncoding = 4; lastKnownFileType = sourcecode.c.objc; path = Tweet.m; sourceTree = "<group>"; };
		B73A18041AD10FE3006B5578 /* TWBaseModel.h */ = {isa = PBXFileReference; fileEncoding = 4; lastKnownFileType = sourcecode.c.h; path = TWBaseModel.h; sourceTree = "<group>"; };
		B73A18051AD10FE3006B5578 /* TWBaseModel.m */ = {isa = PBXFileReference; fileEncoding = 4; lastKnownFileType = sourcecode.c.objc; path = TWBaseModel.m; sourceTree = "<group>"; };
		B73A18071AD11AF5006B5578 /* NetwoksTests.m */ = {isa = PBXFileReference; fileEncoding = 4; lastKnownFileType = sourcecode.c.objc; path = NetwoksTests.m; sourceTree = "<group>"; };
		B7FCC34E1ACF760E00F6BEBC /* WeChatMoments.app */ = {isa = PBXFileReference; explicitFileType = wrapper.application; includeInIndex = 0; path = WeChatMoments.app; sourceTree = BUILT_PRODUCTS_DIR; };
		B7FCC3521ACF760E00F6BEBC /* Info.plist */ = {isa = PBXFileReference; lastKnownFileType = text.plist.xml; path = Info.plist; sourceTree = "<group>"; };
		B7FCC3531ACF760E00F6BEBC /* main.m */ = {isa = PBXFileReference; lastKnownFileType = sourcecode.c.objc; path = main.m; sourceTree = "<group>"; };
		B7FCC3551ACF760E00F6BEBC /* AppDelegate.h */ = {isa = PBXFileReference; lastKnownFileType = sourcecode.c.h; path = AppDelegate.h; sourceTree = "<group>"; };
		B7FCC3561ACF760E00F6BEBC /* AppDelegate.m */ = {isa = PBXFileReference; lastKnownFileType = sourcecode.c.objc; path = AppDelegate.m; sourceTree = "<group>"; };
		B7FCC3581ACF760E00F6BEBC /* ViewController.h */ = {isa = PBXFileReference; lastKnownFileType = sourcecode.c.h; path = ViewController.h; sourceTree = "<group>"; };
		B7FCC3591ACF760E00F6BEBC /* ViewController.m */ = {isa = PBXFileReference; lastKnownFileType = sourcecode.c.objc; path = ViewController.m; sourceTree = "<group>"; };
		B7FCC35C1ACF760E00F6BEBC /* Base */ = {isa = PBXFileReference; lastKnownFileType = file.storyboard; name = Base; path = Base.lproj/Main.storyboard; sourceTree = "<group>"; };
		B7FCC35E1ACF760E00F6BEBC /* Images.xcassets */ = {isa = PBXFileReference; lastKnownFileType = folder.assetcatalog; path = Images.xcassets; sourceTree = "<group>"; };
		B7FCC3611ACF760E00F6BEBC /* Base */ = {isa = PBXFileReference; lastKnownFileType = file.xib; name = Base; path = Base.lproj/LaunchScreen.xib; sourceTree = "<group>"; };
		B7FCC3671ACF760E00F6BEBC /* WeChatMomentsTests.xctest */ = {isa = PBXFileReference; explicitFileType = wrapper.cfbundle; includeInIndex = 0; path = WeChatMomentsTests.xctest; sourceTree = BUILT_PRODUCTS_DIR; };
		B7FCC36C1ACF760E00F6BEBC /* Info.plist */ = {isa = PBXFileReference; lastKnownFileType = text.plist.xml; path = Info.plist; sourceTree = "<group>"; };
		B7FCC36D1ACF760E00F6BEBC /* WeChatMomentsTests.m */ = {isa = PBXFileReference; lastKnownFileType = sourcecode.c.objc; path = WeChatMomentsTests.m; sourceTree = "<group>"; };
/* End PBXFileReference section */

/* Begin PBXFrameworksBuildPhase section */
		B7FCC34B1ACF760E00F6BEBC /* Frameworks */ = {
			isa = PBXFrameworksBuildPhase;
			buildActionMask = 2147483647;
			files = (
			);
			runOnlyForDeploymentPostprocessing = 0;
		};
		B7FCC3641ACF760E00F6BEBC /* Frameworks */ = {
			isa = PBXFrameworksBuildPhase;
			buildActionMask = 2147483647;
			files = (
			);
			runOnlyForDeploymentPostprocessing = 0;
		};
/* End PBXFrameworksBuildPhase section */

/* Begin PBXGroup section */
		B73A17D81AD027B7006B5578 /* Kits */ = {
			isa = PBXGroup;
			children = (
			);
			path = Kits;
			sourceTree = "<group>";
		};
		B73A17D91AD027B7006B5578 /* Networks */ = {
			isa = PBXGroup;
			children = (
				B73A17DA1AD02855006B5578 /* TWRequest.h */,
				B73A17DB1AD02855006B5578 /* TWRequest.m */,
				B73A17E01AD02F87006B5578 /* TWNetworkMonitor.h */,
				B73A17E11AD02F87006B5578 /* TWNetworkMonitor.m */,
				B73A17DD1AD02C17006B5578 /* Reachability.h */,
				B73A17DE1AD02C17006B5578 /* Reachability.m */,
				B73A17EF1AD0CA2F006B5578 /* TWRequestProtocol.h */,
				B73A17F01AD0CBD5006B5578 /* TWRequestResponseFailure.h */,
				B73A17F11AD0CBD5006B5578 /* TWRequestResponseFailure.m */,
				B73A17F31AD0CDDB006B5578 /* TWRequestResponseSuccess.h */,
				B73A17F41AD0CDDB006B5578 /* TWRequestResponseSuccess.m */,
			);
			path = Networks;
			sourceTree = "<group>";
		};
		B73A17E31AD037D0006B5578 /* Macros */ = {
			isa = PBXGroup;
			children = (
				B73A17E41AD03809006B5578 /* TWLog.h */,
			);
			path = Macros;
			sourceTree = "<group>";
		};
		B73A17E51AD03923006B5578 /* APPConf */ = {
			isa = PBXGroup;
			children = (
				B73A17E61AD03975006B5578 /* AppConfig.h */,
				B73A17E71AD03989006B5578 /* Fonts.h */,
				B73A17E81AD0399E006B5578 /* Services.h */,
				B73A17E91AD03A4B006B5578 /* TW-Prefix.pch */,
			);
			path = APPConf;
			sourceTree = "<group>";
		};
		B73A17F91AD101A5006B5578 /* Models */ = {
			isa = PBXGroup;
			children = (
				B73A18041AD10FE3006B5578 /* TWBaseModel.h */,
				B73A18051AD10FE3006B5578 /* TWBaseModel.m */,
				B73A17FB1AD1028A006B5578 /* User.h */,
				B73A17FC1AD1028A006B5578 /* User.m */,
				B73A17FE1AD10364006B5578 /* Comment.h */,
				B73A17FF1AD10364006B5578 /* Comment.m */,
				B73A18011AD104E2006B5578 /* Tweet.h */,
				B73A18021AD104E2006B5578 /* Tweet.m */,
			);
			path = Models;
			sourceTree = "<group>";
		};
		B73A17FA1AD101A5006B5578 /* Views */ = {
			isa = PBXGroup;
			children = (
			);
			path = Views;
			sourceTree = "<group>";
		};
		B7FCC3451ACF760E00F6BEBC = {
			isa = PBXGroup;
			children = (
				B73A17EA1AD03D4F006B5578 /* LICENSE */,
				B73A17EB1AD03D4F006B5578 /* README.md */,
				B7FCC3501ACF760E00F6BEBC /* WeChatMoments */,
				B7FCC36A1ACF760E00F6BEBC /* WeChatMomentsTests */,
				B7FCC34F1ACF760E00F6BEBC /* Products */,
			);
			sourceTree = "<group>";
		};
		B7FCC34F1ACF760E00F6BEBC /* Products */ = {
			isa = PBXGroup;
			children = (
				B7FCC34E1ACF760E00F6BEBC /* WeChatMoments.app */,
				B7FCC3671ACF760E00F6BEBC /* WeChatMomentsTests.xctest */,
			);
			name = Products;
			sourceTree = "<group>";
		};
		B7FCC3501ACF760E00F6BEBC /* WeChatMoments */ = {
			isa = PBXGroup;
			children = (
				B73A17E51AD03923006B5578 /* APPConf */,
				B73A17E31AD037D0006B5578 /* Macros */,
				B73A17D81AD027B7006B5578 /* Kits */,
				B73A17D91AD027B7006B5578 /* Networks */,
				B7FCC3551ACF760E00F6BEBC /* AppDelegate.h */,
				B7FCC3561ACF760E00F6BEBC /* AppDelegate.m */,
				B7FCC3581ACF760E00F6BEBC /* ViewController.h */,
				B7FCC3591ACF760E00F6BEBC /* ViewController.m */,
				B73A17F61AD100E6006B5578 /* VCModel.h */,
				B73A17F71AD100E6006B5578 /* VCModel.m */,
				B73A17F91AD101A5006B5578 /* Models */,
				B73A17FA1AD101A5006B5578 /* Views */,
				B7FCC35B1ACF760E00F6BEBC /* Main.storyboard */,
				B7FCC35E1ACF760E00F6BEBC /* Images.xcassets */,
				B7FCC3601ACF760E00F6BEBC /* LaunchScreen.xib */,
				B7FCC3511ACF760E00F6BEBC /* Supporting Files */,
			);
			path = WeChatMoments;
			sourceTree = "<group>";
		};
		B7FCC3511ACF760E00F6BEBC /* Supporting Files */ = {
			isa = PBXGroup;
			children = (
				B7FCC3521ACF760E00F6BEBC /* Info.plist */,
				B7FCC3531ACF760E00F6BEBC /* main.m */,
			);
			name = "Supporting Files";
			sourceTree = "<group>";
		};
		B7FCC36A1ACF760E00F6BEBC /* WeChatMomentsTests */ = {
			isa = PBXGroup;
			children = (
				B7FCC36D1ACF760E00F6BEBC /* WeChatMomentsTests.m */,
				B73A18071AD11AF5006B5578 /* NetwoksTests.m */,
				B7FCC36B1ACF760E00F6BEBC /* Supporting Files */,
			);
			path = WeChatMomentsTests;
			sourceTree = "<group>";
		};
		B7FCC36B1ACF760E00F6BEBC /* Supporting Files */ = {
			isa = PBXGroup;
			children = (
				B7FCC36C1ACF760E00F6BEBC /* Info.plist */,
			);
			name = "Supporting Files";
			sourceTree = "<group>";
		};
/* End PBXGroup section */

/* Begin PBXNativeTarget section */
		B7FCC34D1ACF760E00F6BEBC /* WeChatMoments */ = {
			isa = PBXNativeTarget;
			buildConfigurationList = B7FCC3711ACF760E00F6BEBC /* Build configuration list for PBXNativeTarget "WeChatMoments" */;
			buildPhases = (
				B7FCC34A1ACF760E00F6BEBC /* Sources */,
				B7FCC34B1ACF760E00F6BEBC /* Frameworks */,
				B7FCC34C1ACF760E00F6BEBC /* Resources */,
			);
			buildRules = (
			);
			dependencies = (
			);
			name = WeChatMoments;
			productName = WeChatMoments;
			productReference = B7FCC34E1ACF760E00F6BEBC /* WeChatMoments.app */;
			productType = "com.apple.product-type.application";
		};
		B7FCC3661ACF760E00F6BEBC /* WeChatMomentsTests */ = {
			isa = PBXNativeTarget;
			buildConfigurationList = B7FCC3741ACF760E00F6BEBC /* Build configuration list for PBXNativeTarget "WeChatMomentsTests" */;
			buildPhases = (
				B7FCC3631ACF760E00F6BEBC /* Sources */,
				B7FCC3641ACF760E00F6BEBC /* Frameworks */,
				B7FCC3651ACF760E00F6BEBC /* Resources */,
			);
			buildRules = (
			);
			dependencies = (
				B7FCC3691ACF760E00F6BEBC /* PBXTargetDependency */,
			);
			name = WeChatMomentsTests;
			productName = WeChatMomentsTests;
			productReference = B7FCC3671ACF760E00F6BEBC /* WeChatMomentsTests.xctest */;
			productType = "com.apple.product-type.bundle.unit-test";
		};
/* End PBXNativeTarget section */

/* Begin PBXProject section */
		B7FCC3461ACF760E00F6BEBC /* Project object */ = {
			isa = PBXProject;
			attributes = {
				LastUpgradeCheck = 0620;
				ORGANIZATIONNAME = iHakula;
				TargetAttributes = {
					B7FCC34D1ACF760E00F6BEBC = {
						CreatedOnToolsVersion = 6.2;
					};
					B7FCC3661ACF760E00F6BEBC = {
						CreatedOnToolsVersion = 6.2;
						TestTargetID = B7FCC34D1ACF760E00F6BEBC;
					};
				};
			};
			buildConfigurationList = B7FCC3491ACF760E00F6BEBC /* Build configuration list for PBXProject "WeChatMoments" */;
			compatibilityVersion = "Xcode 3.2";
			developmentRegion = English;
			hasScannedForEncodings = 0;
			knownRegions = (
				en,
				Base,
			);
			mainGroup = B7FCC3451ACF760E00F6BEBC;
			productRefGroup = B7FCC34F1ACF760E00F6BEBC /* Products */;
			projectDirPath = "";
			projectRoot = "";
			targets = (
				B7FCC34D1ACF760E00F6BEBC /* WeChatMoments */,
				B7FCC3661ACF760E00F6BEBC /* WeChatMomentsTests */,
			);
		};
/* End PBXProject section */

/* Begin PBXResourcesBuildPhase section */
		B7FCC34C1ACF760E00F6BEBC /* Resources */ = {
			isa = PBXResourcesBuildPhase;
			buildActionMask = 2147483647;
			files = (
				B7FCC35D1ACF760E00F6BEBC /* Main.storyboard in Resources */,
				B7FCC3621ACF760E00F6BEBC /* LaunchScreen.xib in Resources */,
				B73A17EC1AD03D4F006B5578 /* LICENSE in Resources */,
				B7FCC35F1ACF760E00F6BEBC /* Images.xcassets in Resources */,
			);
			runOnlyForDeploymentPostprocessing = 0;
		};
		B7FCC3651ACF760E00F6BEBC /* Resources */ = {
			isa = PBXResourcesBuildPhase;
			buildActionMask = 2147483647;
			files = (
			);
			runOnlyForDeploymentPostprocessing = 0;
		};
/* End PBXResourcesBuildPhase section */

/* Begin PBXSourcesBuildPhase section */
		B7FCC34A1ACF760E00F6BEBC /* Sources */ = {
			isa = PBXSourcesBuildPhase;
			buildActionMask = 2147483647;
			files = (
				B73A17F21AD0CBD5006B5578 /* TWRequestResponseFailure.m in Sources */,
				B73A18061AD10FE3006B5578 /* TWBaseModel.m in Sources */,
				B73A18031AD104E2006B5578 /* Tweet.m in Sources */,
				B7FCC35A1ACF760E00F6BEBC /* ViewController.m in Sources */,
				B7FCC3571ACF760E00F6BEBC /* AppDelegate.m in Sources */,
				B73A17F51AD0CDDB006B5578 /* TWRequestResponseSuccess.m in Sources */,
				B73A17F81AD100E6006B5578 /* VCModel.m in Sources */,
				B73A17DC1AD02855006B5578 /* TWRequest.m in Sources */,
				B73A17FD1AD1028A006B5578 /* User.m in Sources */,
				B73A18001AD10364006B5578 /* Comment.m in Sources */,
				B73A17ED1AD03D4F006B5578 /* README.md in Sources */,
				B7FCC3541ACF760E00F6BEBC /* main.m in Sources */,
				B73A17E21AD02F87006B5578 /* TWNetworkMonitor.m in Sources */,
				B73A17DF1AD02C17006B5578 /* Reachability.m in Sources */,
			);
			runOnlyForDeploymentPostprocessing = 0;
		};
		B7FCC3631ACF760E00F6BEBC /* Sources */ = {
			isa = PBXSourcesBuildPhase;
			buildActionMask = 2147483647;
			files = (
				B7FCC36E1ACF760E00F6BEBC /* WeChatMomentsTests.m in Sources */,
				B73A18081AD11AF5006B5578 /* NetwoksTests.m in Sources */,
			);
			runOnlyForDeploymentPostprocessing = 0;
		};
/* End PBXSourcesBuildPhase section */

/* Begin PBXTargetDependency section */
		B7FCC3691ACF760E00F6BEBC /* PBXTargetDependency */ = {
			isa = PBXTargetDependency;
			target = B7FCC34D1ACF760E00F6BEBC /* WeChatMoments */;
			targetProxy = B7FCC3681ACF760E00F6BEBC /* PBXContainerItemProxy */;
		};
/* End PBXTargetDependency section */

/* Begin PBXVariantGroup section */
		B7FCC35B1ACF760E00F6BEBC /* Main.storyboard */ = {
			isa = PBXVariantGroup;
			children = (
				B7FCC35C1ACF760E00F6BEBC /* Base */,
			);
			name = Main.storyboard;
			sourceTree = "<group>";
		};
		B7FCC3601ACF760E00F6BEBC /* LaunchScreen.xib */ = {
			isa = PBXVariantGroup;
			children = (
				B7FCC3611ACF760E00F6BEBC /* Base */,
			);
			name = LaunchScreen.xib;
			sourceTree = "<group>";
		};
/* End PBXVariantGroup section */

/* Begin XCBuildConfiguration section */
		B7FCC36F1ACF760E00F6BEBC /* Debug */ = {
			isa = XCBuildConfiguration;
			buildSettings = {
				ALWAYS_SEARCH_USER_PATHS = NO;
				CLANG_CXX_LANGUAGE_STANDARD = "gnu++0x";
				CLANG_CXX_LIBRARY = "libc++";
				CLANG_ENABLE_MODULES = YES;
				CLANG_ENABLE_OBJC_ARC = YES;
				CLANG_WARN_BOOL_CONVERSION = YES;
				CLANG_WARN_CONSTANT_CONVERSION = YES;
				CLANG_WARN_DIRECT_OBJC_ISA_USAGE = YES_ERROR;
				CLANG_WARN_EMPTY_BODY = YES;
				CLANG_WARN_ENUM_CONVERSION = YES;
				CLANG_WARN_INT_CONVERSION = YES;
				CLANG_WARN_OBJC_ROOT_CLASS = YES_ERROR;
				CLANG_WARN_UNREACHABLE_CODE = YES;
				CLANG_WARN__DUPLICATE_METHOD_MATCH = YES;
				"CODE_SIGN_IDENTITY[sdk=iphoneos*]" = "iPhone Developer";
				COPY_PHASE_STRIP = NO;
				ENABLE_STRICT_OBJC_MSGSEND = YES;
				GCC_C_LANGUAGE_STANDARD = gnu99;
				GCC_DYNAMIC_NO_PIC = NO;
				GCC_OPTIMIZATION_LEVEL = 0;
				GCC_PREPROCESSOR_DEFINITIONS = (
					"DEBUG=1",
					"$(inherited)",
				);
				GCC_SYMBOLS_PRIVATE_EXTERN = NO;
				GCC_WARN_64_TO_32_BIT_CONVERSION = YES;
				GCC_WARN_ABOUT_RETURN_TYPE = YES_ERROR;
				GCC_WARN_UNDECLARED_SELECTOR = YES;
				GCC_WARN_UNINITIALIZED_AUTOS = YES_AGGRESSIVE;
				GCC_WARN_UNUSED_FUNCTION = YES;
				GCC_WARN_UNUSED_VARIABLE = YES;
				IPHONEOS_DEPLOYMENT_TARGET = 8.2;
				MTL_ENABLE_DEBUG_INFO = YES;
				ONLY_ACTIVE_ARCH = YES;
				SDKROOT = iphoneos;
			};
			name = Debug;
		};
		B7FCC3701ACF760E00F6BEBC /* Release */ = {
			isa = XCBuildConfiguration;
			buildSettings = {
				ALWAYS_SEARCH_USER_PATHS = NO;
				CLANG_CXX_LANGUAGE_STANDARD = "gnu++0x";
				CLANG_CXX_LIBRARY = "libc++";
				CLANG_ENABLE_MODULES = YES;
				CLANG_ENABLE_OBJC_ARC = YES;
				CLANG_WARN_BOOL_CONVERSION = YES;
				CLANG_WARN_CONSTANT_CONVERSION = YES;
				CLANG_WARN_DIRECT_OBJC_ISA_USAGE = YES_ERROR;
				CLANG_WARN_EMPTY_BODY = YES;
				CLANG_WARN_ENUM_CONVERSION = YES;
				CLANG_WARN_INT_CONVERSION = YES;
				CLANG_WARN_OBJC_ROOT_CLASS = YES_ERROR;
				CLANG_WARN_UNREACHABLE_CODE = YES;
				CLANG_WARN__DUPLICATE_METHOD_MATCH = YES;
				"CODE_SIGN_IDENTITY[sdk=iphoneos*]" = "iPhone Developer";
				COPY_PHASE_STRIP = NO;
				ENABLE_NS_ASSERTIONS = NO;
				ENABLE_STRICT_OBJC_MSGSEND = YES;
				GCC_C_LANGUAGE_STANDARD = gnu99;
				GCC_WARN_64_TO_32_BIT_CONVERSION = YES;
				GCC_WARN_ABOUT_RETURN_TYPE = YES_ERROR;
				GCC_WARN_UNDECLARED_SELECTOR = YES;
				GCC_WARN_UNINITIALIZED_AUTOS = YES_AGGRESSIVE;
				GCC_WARN_UNUSED_FUNCTION = YES;
				GCC_WARN_UNUSED_VARIABLE = YES;
				IPHONEOS_DEPLOYMENT_TARGET = 8.2;
				MTL_ENABLE_DEBUG_INFO = NO;
				SDKROOT = iphoneos;
				VALIDATE_PRODUCT = YES;
			};
			name = Release;
		};
		B7FCC3721ACF760E00F6BEBC /* Debug */ = {
			isa = XCBuildConfiguration;
			buildSettings = {
				ASSETCATALOG_COMPILER_APPICON_NAME = AppIcon;
				GCC_PREFIX_HEADER = "WeChatMoments/AppConf/TW-Prefix.pch";
				INFOPLIST_FILE = WeChatMoments/Info.plist;
				LD_RUNPATH_SEARCH_PATHS = "$(inherited) @executable_path/Frameworks";
				PRODUCT_NAME = "$(TARGET_NAME)";
			};
			name = Debug;
		};
		B7FCC3731ACF760E00F6BEBC /* Release */ = {
			isa = XCBuildConfiguration;
			buildSettings = {
				ASSETCATALOG_COMPILER_APPICON_NAME = AppIcon;
				GCC_PREFIX_HEADER = "WeChatMoments/AppConf/TW-Prefix.pch";
				INFOPLIST_FILE = WeChatMoments/Info.plist;
				LD_RUNPATH_SEARCH_PATHS = "$(inherited) @executable_path/Frameworks";
				PRODUCT_NAME = "$(TARGET_NAME)";
			};
			name = Release;
		};
		B7FCC3751ACF760E00F6BEBC /* Debug */ = {
			isa = XCBuildConfiguration;
			buildSettings = {
				BUNDLE_LOADER = "$(TEST_HOST)";
				FRAMEWORK_SEARCH_PATHS = (
					"$(SDKROOT)/Developer/Library/Frameworks",
					"$(inherited)",
				);
				GCC_PREPROCESSOR_DEFINITIONS = (
					"DEBUG=1",
					"$(inherited)",
				);
				INFOPLIST_FILE = WeChatMomentsTests/Info.plist;
				LD_RUNPATH_SEARCH_PATHS = "$(inherited) @executable_path/Frameworks @loader_path/Frameworks";
				PRODUCT_NAME = "$(TARGET_NAME)";
				TEST_HOST = "$(BUILT_PRODUCTS_DIR)/WeChatMoments.app/WeChatMoments";
			};
			name = Debug;
		};
		B7FCC3761ACF760E00F6BEBC /* Release */ = {
			isa = XCBuildConfiguration;
			buildSettings = {
				BUNDLE_LOADER = "$(TEST_HOST)";
				FRAMEWORK_SEARCH_PATHS = (
					"$(SDKROOT)/Developer/Library/Frameworks",
					"$(inherited)",
				);
				INFOPLIST_FILE = WeChatMomentsTests/Info.plist;
				LD_RUNPATH_SEARCH_PATHS = "$(inherited) @executable_path/Frameworks @loader_path/Frameworks";
				PRODUCT_NAME = "$(TARGET_NAME)";
				TEST_HOST = "$(BUILT_PRODUCTS_DIR)/WeChatMoments.app/WeChatMoments";
			};
			name = Release;
		};
/* End XCBuildConfiguration section */

/* Begin XCConfigurationList section */
		B7FCC3491ACF760E00F6BEBC /* Build configuration list for PBXProject "WeChatMoments" */ = {
			isa = XCConfigurationList;
			buildConfigurations = (
				B7FCC36F1ACF760E00F6BEBC /* Debug */,
				B7FCC3701ACF760E00F6BEBC /* Release */,
			);
			defaultConfigurationIsVisible = 0;
			defaultConfigurationName = Release;
		};
		B7FCC3711ACF760E00F6BEBC /* Build configuration list for PBXNativeTarget "WeChatMoments" */ = {
			isa = XCConfigurationList;
			buildConfigurations = (
				B7FCC3721ACF760E00F6BEBC /* Debug */,
				B7FCC3731ACF760E00F6BEBC /* Release */,
			);
			defaultConfigurationIsVisible = 0;
			defaultConfigurationName = Release;
		};
		B7FCC3741ACF760E00F6BEBC /* Build configuration list for PBXNativeTarget "WeChatMomentsTests" */ = {
			isa = XCConfigurationList;
			buildConfigurations = (
				B7FCC3751ACF760E00F6BEBC /* Debug */,
				B7FCC3761ACF760E00F6BEBC /* Release */,
			);
			defaultConfigurationIsVisible = 0;
			defaultConfigurationName = Release;
		};
/* End XCConfigurationList section */
	};
	rootObject = B7FCC3461ACF760E00F6BEBC /* Project object */;
}
